
Microsoft Visual Studio Solution File, Format Version 12.00
# Visual Studio 15
VisualStudioVersion = 15.0.28010.2046
MinimumVisualStudioVersion = 10.0.40219.1
Project("{9A19103F-16F7-4668-BE54-9A1E7A4F7556}") = "StarDust.PlaylistControler", "StarDust.PlaylistControler\StarDust.PlaylistControler.csproj", "{EF04D099-039A-4994-8282-88DC0F51078B}"
EndProject
Project("{9A19103F-16F7-4668-BE54-9A1E7A4F7556}") = "TestConsole", "TestConsole\TestConsole.csproj", "{9D96CCAB-3E5A-4BA6-ADCF-7A0D73E744C5}"
EndProject
Project("{9A19103F-16F7-4668-BE54-9A1E7A4F7556}") = "StarDust.PlaylistControler.Test", "StarDust.PlaylistControler.Test\StarDust.PlaylistControler.Test.csproj", "{04AF8A90-2ED4-4455-934E-906997DF6759}"
EndProject
Global
	GlobalSection(SolutionConfigurationPlatforms) = preSolution
		Debug|Any CPU = Debug|Any CPU
		Release|Any CPU = Release|Any CPU
	EndGlobalSection
	GlobalSection(ProjectConfigurationPlatforms) = postSolution
		{EF04D099-039A-4994-8282-88DC0F51078B}.Debug|Any CPU.ActiveCfg = Debug|Any CPU
		{EF04D099-039A-4994-8282-88DC0F51078B}.Debug|Any CPU.Build.0 = Debug|Any CPU
		{EF04D099-039A-4994-8282-88DC0F51078B}.Release|Any CPU.ActiveCfg = Release|Any CPU
		{EF04D099-039A-4994-8282-88DC0F51078B}.Release|Any CPU.Build.0 = Release|Any CPU
		{9D96CCAB-3E5A-4BA6-ADCF-7A0D73E744C5}.Debug|Any CPU.ActiveCfg = Debug|Any CPU
		{9D96CCAB-3E5A-4BA6-ADCF-7A0D73E744C5}.Debug|Any CPU.Build.0 = Debug|Any CPU
		{9D96CCAB-3E5A-4BA6-ADCF-7A0D73E744C5}.Release|Any CPU.ActiveCfg = Release|Any CPU
		{9D96CCAB-3E5A-4BA6-ADCF-7A0D73E744C5}.Release|Any CPU.Build.0 = Release|Any CPU
		{04AF8A90-2ED4-4455-934E-906997DF6759}.Debug|Any CPU.ActiveCfg = Debug|Any CPU
		{04AF8A90-2ED4-4455-934E-906997DF6759}.Debug|Any CPU.Build.0 = Debug|Any CPU
		{04AF8A90-2ED4-4455-934E-906997DF6759}.Release|Any CPU.ActiveCfg = Release|Any CPU
		{04AF8A90-2ED4-4455-934E-906997DF6759}.Release|Any CPU.Build.0 = Release|Any CPU
	EndGlobalSection
	GlobalSection(SolutionProperties) = preSolution
		HideSolutionNode = FALSE
	EndGlobalSection
	GlobalSection(ExtensibilityGlobals) = postSolution
		SolutionGuid = {55ED9951-5564-4A9A-9707-1513339C2FE5}
	EndGlobalSection
EndGlobal
